PODS:
  - ARAnalytics/CoreIOS (4.0.4)
  - ARAnalytics/Criteo (4.0.4):
    - ARAnalytics/CoreIOS
    - CriteoEventsSDK
  - CriteoEventsSDK (1.1.2)

DEPENDENCIES:
  - ARAnalytics/Criteo (from `../`)

EXTERNAL SOURCES:
  ARAnalytics:
    :path: ../

SPEC CHECKSUMS:
  ARAnalytics: a55cd93bc9c8ae40e2e428e5e966b077607b8375
  CriteoEventsSDK: c9c21878bd352cb85a5c974d35a7ad528f8c8679

PODFILE CHECKSUM: 2542a4c4ebd8d4e8e2b1b7d161e3cdc615033135

COCOAPODS: 1.2.0
